
Microsoft Visual Studio Solution File, Format Version 12.00
# Visual Studio 15
VisualStudioVersion = 15.0.26430.16
MinimumVisualStudioVersion = 10.0.40219.1
Project("{FAE04EC0-301F-11D3-BF4B-00C04F79EFBC}") = "easyzy.com", "easyzy.com\easyzy.com.csproj", "{84964260-A23A-4289-BC42-C19BA8ABC75C}"
EndProject
Project("{FAE04EC0-301F-11D3-BF4B-00C04F79EFBC}") = "easyzy.common", "easyzy.common\easyzy.common.csproj", "{499AB9D5-722B-4EB2-843E-4CE9F0C3080F}"
EndProject
Project("{FAE04EC0-301F-11D3-BF4B-00C04F79EFBC}") = "easyzy.model", "easyzy.model\easyzy.model.csproj", "{BDAE15D5-7D3C-48A5-AB85-E7B8C855F66A}"
EndProject
Project("{FAE04EC0-301F-11D3-BF4B-00C04F79EFBC}") = "easyzy.bll", "easyzy.bll\easyzy.bll.csproj", "{4503652C-3791-472E-B713-C5F6ED1BD3E1}"
EndProject
Project("{FAE04EC0-301F-11D3-BF4B-00C04F79EFBC}") = "upload.easyzy.com", "upload.easyzy.com\upload.easyzy.com.csproj", "{D35BBB88-9DF4-48BC-8882-2C72A4AA32E6}"
EndProject
Project("{FAE04EC0-301F-11D3-BF4B-00C04F79EFBC}") = "user.easyzy.com", "user.easyzy.com\user.easyzy.com.csproj", "{50D9BDE5-71CD-455D-B733-B7CDBAE65768}"
EndProject
Project("{FAE04EC0-301F-11D3-BF4B-00C04F79EFBC}") = "m.easyzy.com", "m.easyzy.com\m.easyzy.com.csproj", "{41BED67D-02E0-4590-9697-5C3676DE3C92}"
EndProject
Project("{FAE04EC0-301F-11D3-BF4B-00C04F79EFBC}") = "userthrift.itf", "userthrift.interface\userthrift.itf.csproj", "{FF39EFE8-4F7C-48A1-8952-15647FF9C371}"
EndProject
Project("{FAE04EC0-301F-11D3-BF4B-00C04F79EFBC}") = "easyzy.unittest", "easyzy.unittest\easyzy.unittest.csproj", "{DCDA7F54-1090-45CF-BCBF-D3FB24E64297}"
EndProject
Project("{FAE04EC0-301F-11D3-BF4B-00C04F79EFBC}") = "userthrift.server", "userthrift.server\userthrift.server.csproj", "{B67942B8-3184-47CC-82C6-30D9E42BD819}"
EndProject
Project("{FAE04EC0-301F-11D3-BF4B-00C04F79EFBC}") = "userthrift.client", "userthrift.client\userthrift.client.csproj", "{BC1DDB08-A362-4EEF-BD25-51D0F91DC132}"
EndProject
Global
	GlobalSection(SolutionConfigurationPlatforms) = preSolution
		Debug|Any CPU = Debug|Any CPU
		Release|Any CPU = Release|Any CPU
	EndGlobalSection
	GlobalSection(ProjectConfigurationPlatforms) = postSolution
		{84964260-A23A-4289-BC42-C19BA8ABC75C}.Debug|Any CPU.ActiveCfg = Debug|Any CPU
		{84964260-A23A-4289-BC42-C19BA8ABC75C}.Debug|Any CPU.Build.0 = Debug|Any CPU
		{84964260-A23A-4289-BC42-C19BA8ABC75C}.Release|Any CPU.ActiveCfg = Release|Any CPU
		{84964260-A23A-4289-BC42-C19BA8ABC75C}.Release|Any CPU.Build.0 = Release|Any CPU
		{499AB9D5-722B-4EB2-843E-4CE9F0C3080F}.Debug|Any CPU.ActiveCfg = Debug|Any CPU
		{499AB9D5-722B-4EB2-843E-4CE9F0C3080F}.Debug|Any CPU.Build.0 = Debug|Any CPU
		{499AB9D5-722B-4EB2-843E-4CE9F0C3080F}.Release|Any CPU.ActiveCfg = Release|Any CPU
		{499AB9D5-722B-4EB2-843E-4CE9F0C3080F}.Release|Any CPU.Build.0 = Release|Any CPU
		{BDAE15D5-7D3C-48A5-AB85-E7B8C855F66A}.Debug|Any CPU.ActiveCfg = Debug|Any CPU
		{BDAE15D5-7D3C-48A5-AB85-E7B8C855F66A}.Debug|Any CPU.Build.0 = Debug|Any CPU
		{BDAE15D5-7D3C-48A5-AB85-E7B8C855F66A}.Release|Any CPU.ActiveCfg = Release|Any CPU
		{BDAE15D5-7D3C-48A5-AB85-E7B8C855F66A}.Release|Any CPU.Build.0 = Release|Any CPU
		{4503652C-3791-472E-B713-C5F6ED1BD3E1}.Debug|Any CPU.ActiveCfg = Debug|Any CPU
		{4503652C-3791-472E-B713-C5F6ED1BD3E1}.Debug|Any CPU.Build.0 = Debug|Any CPU
		{4503652C-3791-472E-B713-C5F6ED1BD3E1}.Release|Any CPU.ActiveCfg = Release|Any CPU
		{4503652C-3791-472E-B713-C5F6ED1BD3E1}.Release|Any CPU.Build.0 = Release|Any CPU
		{D35BBB88-9DF4-48BC-8882-2C72A4AA32E6}.Debug|Any CPU.ActiveCfg = Debug|Any CPU
		{D35BBB88-9DF4-48BC-8882-2C72A4AA32E6}.Debug|Any CPU.Build.0 = Debug|Any CPU
		{D35BBB88-9DF4-48BC-8882-2C72A4AA32E6}.Release|Any CPU.ActiveCfg = Release|Any CPU
		{D35BBB88-9DF4-48BC-8882-2C72A4AA32E6}.Release|Any CPU.Build.0 = Release|Any CPU
		{50D9BDE5-71CD-455D-B733-B7CDBAE65768}.Debug|Any CPU.ActiveCfg = Debug|Any CPU
		{50D9BDE5-71CD-455D-B733-B7CDBAE65768}.Debug|Any CPU.Build.0 = Debug|Any CPU
		{50D9BDE5-71CD-455D-B733-B7CDBAE65768}.Release|Any CPU.ActiveCfg = Release|Any CPU
		{50D9BDE5-71CD-455D-B733-B7CDBAE65768}.Release|Any CPU.Build.0 = Release|Any CPU
		{41BED67D-02E0-4590-9697-5C3676DE3C92}.Debug|Any CPU.ActiveCfg = Debug|Any CPU
		{41BED67D-02E0-4590-9697-5C3676DE3C92}.Debug|Any CPU.Build.0 = Debug|Any CPU
		{41BED67D-02E0-4590-9697-5C3676DE3C92}.Release|Any CPU.ActiveCfg = Release|Any CPU
		{41BED67D-02E0-4590-9697-5C3676DE3C92}.Release|Any CPU.Build.0 = Release|Any CPU
		{FF39EFE8-4F7C-48A1-8952-15647FF9C371}.Debug|Any CPU.ActiveCfg = Debug|Any CPU
		{FF39EFE8-4F7C-48A1-8952-15647FF9C371}.Debug|Any CPU.Build.0 = Debug|Any CPU
		{FF39EFE8-4F7C-48A1-8952-15647FF9C371}.Release|Any CPU.ActiveCfg = Release|Any CPU
		{FF39EFE8-4F7C-48A1-8952-15647FF9C371}.Release|Any CPU.Build.0 = Release|Any CPU
		{DCDA7F54-1090-45CF-BCBF-D3FB24E64297}.Debug|Any CPU.ActiveCfg = Debug|Any CPU
		{DCDA7F54-1090-45CF-BCBF-D3FB24E64297}.Debug|Any CPU.Build.0 = Debug|Any CPU
		{DCDA7F54-1090-45CF-BCBF-D3FB24E64297}.Release|Any CPU.ActiveCfg = Release|Any CPU
		{DCDA7F54-1090-45CF-BCBF-D3FB24E64297}.Release|Any CPU.Build.0 = Release|Any CPU
		{B67942B8-3184-47CC-82C6-30D9E42BD819}.Debug|Any CPU.ActiveCfg = Debug|Any CPU
		{B67942B8-3184-47CC-82C6-30D9E42BD819}.Debug|Any CPU.Build.0 = Debug|Any CPU
		{B67942B8-3184-47CC-82C6-30D9E42BD819}.Release|Any CPU.ActiveCfg = Release|Any CPU
		{B67942B8-3184-47CC-82C6-30D9E42BD819}.Release|Any CPU.Build.0 = Release|Any CPU
		{BC1DDB08-A362-4EEF-BD25-51D0F91DC132}.Debug|Any CPU.ActiveCfg = Debug|Any CPU
		{BC1DDB08-A362-4EEF-BD25-51D0F91DC132}.Debug|Any CPU.Build.0 = Debug|Any CPU
		{BC1DDB08-A362-4EEF-BD25-51D0F91DC132}.Release|Any CPU.ActiveCfg = Release|Any CPU
		{BC1DDB08-A362-4EEF-BD25-51D0F91DC132}.Release|Any CPU.Build.0 = Release|Any CPU
	EndGlobalSection
	GlobalSection(SolutionProperties) = preSolution
		HideSolutionNode = FALSE
	EndGlobalSection
EndGlobal
